{
  "name": "sliderule-web-client",
  "lockfileVersion": 3,
  "requires": true,
  "packages": {
    "": {
      "dependencies": {
        "@deck.gl/core": "^9.1.4",
        "@deck.gl/layers": "^9.1.4"
      }
    },
    "node_modules/@deck.gl/core": {
      "version": "9.1.4",
      "resolved": "https://registry.npmjs.org/@deck.gl/core/-/core-9.1.4.tgz",
      "integrity": "sha512-WFDc0+yOWlBiQhbHwCall40btSLQUFmyQjLskHnn1LymNz3Ot4kjfBG4hG9nIX/0G+PvrTUQCBxmkNkZK1kDMA==",
      "dependencies": {
        "@loaders.gl/core": "^4.2.0",
        "@loaders.gl/images": "^4.2.0",
        "@luma.gl/constants": "^9.1.2",
        "@luma.gl/core": "^9.1.2",
        "@luma.gl/engine": "^9.1.2",
        "@luma.gl/shadertools": "^9.1.2",
        "@luma.gl/webgl": "^9.1.2",
        "@math.gl/core": "^4.1.0",
        "@math.gl/sun": "^4.1.0",
        "@math.gl/types": "^4.1.0",
        "@math.gl/web-mercator": "^4.1.0",
        "@probe.gl/env": "^4.1.0",
        "@probe.gl/log": "^4.1.0",
        "@probe.gl/stats": "^4.1.0",
        "@types/offscreencanvas": "^2019.6.4",
        "gl-matrix": "^3.0.0",
        "mjolnir.js": "^3.0.0"
      }
    },
    "node_modules/@deck.gl/layers": {
      "version": "9.1.4",
      "resolved": "https://registry.npmjs.org/@deck.gl/layers/-/layers-9.1.4.tgz",
      "integrity": "sha512-MZZHuxMKy9b/gVh6UNZONPYhHyuvAhG6Rq1viSU44Dceto+U7tybdsZCMQZMGyK2cLz2wm95i8u7BOTYcoGt/A==",
      "dependencies": {
        "@loaders.gl/images": "^4.2.0",
        "@loaders.gl/schema": "^4.2.0",
        "@luma.gl/shadertools": "^9.1.2",
        "@mapbox/tiny-sdf": "^2.0.5",
        "@math.gl/core": "^4.1.0",
        "@math.gl/polygon": "^4.1.0",
        "@math.gl/web-mercator": "^4.1.0",
        "earcut": "^2.2.4"
      },
      "peerDependencies": {
        "@deck.gl/core": "^9.1.0",
        "@loaders.gl/core": "^4.2.0",
        "@luma.gl/core": "^9.1.0",
        "@luma.gl/engine": "^9.1.0"
      }
    },
    "node_modules/@loaders.gl/core": {
      "version": "4.3.3",
      "resolved": "https://registry.npmjs.org/@loaders.gl/core/-/core-4.3.3.tgz",
      "integrity": "sha512-RaQ3uNg4ZaVqDRgvJ2CjaOjeeHdKvbKuzFFgbGnflVB9is5bu+h3EKc3Jke7NGVvLBsZ6oIXzkwHijVsMfxv8g==",
      "dependencies": {
        "@loaders.gl/loader-utils": "4.3.3",
        "@loaders.gl/schema": "4.3.3",
        "@loaders.gl/worker-utils": "4.3.3",
        "@probe.gl/log": "^4.0.2"
      }
    },
    "node_modules/@loaders.gl/images": {
      "version": "4.3.3",
      "resolved": "https://registry.npmjs.org/@loaders.gl/images/-/images-4.3.3.tgz",
      "integrity": "sha512-s4InjIXqEu0T7anZLj4OBUuDBt2BNnAD0GLzSexSkBfQZfpXY0XJNl4mMf5nUKb5NDfXhIKIqv8y324US+I28A==",
      "dependencies": {
        "@loaders.gl/loader-utils": "4.3.3"
      },
      "peerDependencies": {
        "@loaders.gl/core": "^4.3.0"
      }
    },
    "node_modules/@loaders.gl/loader-utils": {
      "version": "4.3.3",
      "resolved": "https://registry.npmjs.org/@loaders.gl/loader-utils/-/loader-utils-4.3.3.tgz",
      "integrity": "sha512-8erUIwWLiIsZX36fFa/seZsfTsWlLk72Sibh/YZJrPAefuVucV4mGGzMBZ96LE2BUfJhadn250eio/59TUFbNw==",
      "dependencies": {
        "@loaders.gl/schema": "4.3.3",
        "@loaders.gl/worker-utils": "4.3.3",
        "@probe.gl/log": "^4.0.2",
        "@probe.gl/stats": "^4.0.2"
      },
      "peerDependencies": {
        "@loaders.gl/core": "^4.3.0"
      }
    },
    "node_modules/@loaders.gl/schema": {
      "version": "4.3.3",
      "resolved": "https://registry.npmjs.org/@loaders.gl/schema/-/schema-4.3.3.tgz",
      "integrity": "sha512-zacc9/8je+VbuC6N/QRfiTjRd+BuxsYlddLX1u5/X/cg9s36WZZBlU1oNKUgTYe8eO6+qLyYx77yi+9JbbEehw==",
      "dependencies": {
        "@types/geojson": "^7946.0.7"
      },
      "peerDependencies": {
        "@loaders.gl/core": "^4.3.0"
      }
    },
    "node_modules/@loaders.gl/worker-utils": {
      "version": "4.3.3",
      "resolved": "https://registry.npmjs.org/@loaders.gl/worker-utils/-/worker-utils-4.3.3.tgz",
      "integrity": "sha512-eg45Ux6xqsAfqPUqJkhmbFZh9qfmYuPfA+34VcLtfeXIwAngeP6o4SrTmm9LWLGUKiSh47anCEV1p7borDgvGQ==",
      "peerDependencies": {
        "@loaders.gl/core": "^4.3.0"
      }
    },
    "node_modules/@luma.gl/constants": {
      "version": "9.1.5",
      "resolved": "https://registry.npmjs.org/@luma.gl/constants/-/constants-9.1.5.tgz",
      "integrity": "sha512-vxUaL2OAnSxX6h5xgW2fQdlPZjBBXRxQyHfSMYZ2j2iNIKXTuaCGXfbPLuWExLJOPlSLtp34VPualCeAVwr+Ug=="
    },
    "node_modules/@luma.gl/core": {
      "version": "9.1.5",
      "resolved": "https://registry.npmjs.org/@luma.gl/core/-/core-9.1.5.tgz",
      "integrity": "sha512-3nrNWX8pbuKsGCa1g/8dmBbZ9YGguzDpxqS1v4I35OeyZHLKq4GiRbWxxz7tgApMlzS0CBOJOOaBpGqgIpX97w==",
      "dependencies": {
        "@math.gl/types": "^4.1.0",
        "@probe.gl/env": "^4.0.8",
        "@probe.gl/log": "^4.0.8",
        "@probe.gl/stats": "^4.0.8",
        "@types/offscreencanvas": "^2019.6.4"
      }
    },
    "node_modules/@luma.gl/engine": {
      "version": "9.1.5",
      "resolved": "https://registry.npmjs.org/@luma.gl/engine/-/engine-9.1.5.tgz",
      "integrity": "sha512-cjhKlz3G8JQACy0kDRI2zQKM02kw2deLuojz0E8MTDUHl4YQG2jpJI6Mr9Vfb3EnIoSg0ACfYMTFCORwUxBL/Q==",
      "dependencies": {
        "@math.gl/core": "^4.1.0",
        "@math.gl/types": "^4.1.0",
        "@probe.gl/log": "^4.0.8",
        "@probe.gl/stats": "^4.0.8"
      },
      "peerDependencies": {
        "@luma.gl/core": "^9.1.0",
        "@luma.gl/shadertools": "^9.1.0"
      }
    },
    "node_modules/@luma.gl/shadertools": {
      "version": "9.1.5",
      "resolved": "https://registry.npmjs.org/@luma.gl/shadertools/-/shadertools-9.1.5.tgz",
      "integrity": "sha512-tCQfR2lb7WsIUQ1cPYdmcBFAwY2e7gW95bd29ncn09JIvb8IljQiKxHpVPB5kpLGzfqXbvUQkC5tOBweKW91MA==",
      "dependencies": {
        "@math.gl/core": "^4.1.0",
        "@math.gl/types": "^4.1.0",
        "wgsl_reflect": "^1.0.1"
      },
      "peerDependencies": {
        "@luma.gl/core": "^9.1.0"
      }
    },
    "node_modules/@luma.gl/webgl": {
      "version": "9.1.5",
      "resolved": "https://registry.npmjs.org/@luma.gl/webgl/-/webgl-9.1.5.tgz",
      "integrity": "sha512-qhXOHMSHAEvj2paDWmZpy+L0ccL0KddKVEh02Ged5utcMzC3hV3xIfbi5V0KVddkgTDmCCSj+yIpo2Bes+Y7iQ==",
      "dependencies": {
        "@luma.gl/constants": "9.1.5",
        "@math.gl/types": "^4.1.0",
        "@probe.gl/env": "^4.0.8"
      },
      "peerDependencies": {
        "@luma.gl/core": "^9.1.0"
      }
    },
    "node_modules/@mapbox/tiny-sdf": {
      "version": "2.0.6",
      "resolved": "https://registry.npmjs.org/@mapbox/tiny-sdf/-/tiny-sdf-2.0.6.tgz",
      "integrity": "sha512-qMqa27TLw+ZQz5Jk+RcwZGH7BQf5G/TrutJhspsca/3SHwmgKQ1iq+d3Jxz5oysPVYTGP6aXxCo5Lk9Er6YBAA=="
    },
    "node_modules/@math.gl/core": {
      "version": "4.1.0",
      "resolved": "https://registry.npmjs.org/@math.gl/core/-/core-4.1.0.tgz",
      "integrity": "sha512-FrdHBCVG3QdrworwrUSzXIaK+/9OCRLscxI2OUy6sLOHyHgBMyfnEGs99/m3KNvs+95BsnQLWklVfpKfQzfwKA==",
      "dependencies": {
        "@math.gl/types": "4.1.0"
      }
    },
    "node_modules/@math.gl/polygon": {
      "version": "4.1.0",
      "resolved": "https://registry.npmjs.org/@math.gl/polygon/-/polygon-4.1.0.tgz",
      "integrity": "sha512-YA/9PzaCRHbIP5/0E9uTYrqe+jsYTQoqoDWhf6/b0Ixz8bPZBaGDEafLg3z7ffBomZLacUty9U3TlPjqMtzPjA==",
      "dependencies": {
        "@math.gl/core": "4.1.0"
      }
    },
    "node_modules/@math.gl/sun": {
      "version": "4.1.0",
      "resolved": "https://registry.npmjs.org/@math.gl/sun/-/sun-4.1.0.tgz",
      "integrity": "sha512-i3q6OCBLSZ5wgZVhXg+X7gsjY/TUtuFW/2KBiq/U1ypLso3S4sEykoU/MGjxUv1xiiGtr+v8TeMbO1OBIh/HmA=="
    },
    "node_modules/@math.gl/types": {
      "version": "4.1.0",
      "resolved": "https://registry.npmjs.org/@math.gl/types/-/types-4.1.0.tgz",
      "integrity": "sha512-clYZdHcmRvMzVK5fjeDkQlHUzXQSNdZ7s4xOqC3nJPgz4C/TZkUecTo9YS4PruZqtDda/ag4erndP0MIn40dGA=="
    },
    "node_modules/@math.gl/web-mercator": {
      "version": "4.1.0",
      "resolved": "https://registry.npmjs.org/@math.gl/web-mercator/-/web-mercator-4.1.0.tgz",
      "integrity": "sha512-HZo3vO5GCMkXJThxRJ5/QYUYRr3XumfT8CzNNCwoJfinxy5NtKUd7dusNTXn7yJ40UoB8FMIwkVwNlqaiRZZAw==",
      "dependencies": {
        "@math.gl/core": "4.1.0"
      }
    },
    "node_modules/@probe.gl/env": {
      "version": "4.1.0",
      "resolved": "https://registry.npmjs.org/@probe.gl/env/-/env-4.1.0.tgz",
      "integrity": "sha512-5ac2Jm2K72VCs4eSMsM7ykVRrV47w32xOGMvcgqn8vQdEMF9PRXyBGYEV9YbqRKWNKpNKmQJVi4AHM/fkCxs9w=="
    },
    "node_modules/@probe.gl/log": {
      "version": "4.1.0",
      "resolved": "https://registry.npmjs.org/@probe.gl/log/-/log-4.1.0.tgz",
      "integrity": "sha512-r4gRReNY6f+OZEMgfWEXrAE2qJEt8rX0HsDJQXUBMoc+5H47bdB7f/5HBHAmapK8UydwPKL9wCDoS22rJ0yq7Q==",
      "dependencies": {
        "@probe.gl/env": "4.1.0"
      }
    },
    "node_modules/@probe.gl/stats": {
      "version": "4.1.0",
      "resolved": "https://registry.npmjs.org/@probe.gl/stats/-/stats-4.1.0.tgz",
      "integrity": "sha512-EI413MkWKBDVNIfLdqbeNSJTs7ToBz/KVGkwi3D+dQrSIkRI2IYbWGAU3xX+D6+CI4ls8ehxMhNpUVMaZggDvQ=="
    },
    "node_modules/@types/geojson": {
      "version": "7946.0.16",
      "resolved": "https://registry.npmjs.org/@types/geojson/-/geojson-7946.0.16.tgz",
      "integrity": "sha512-6C8nqWur3j98U6+lXDfTUWIfgvZU+EumvpHKcYjujKH7woYyLj2sUmff0tRhrqM7BohUw7Pz3ZB1jj2gW9Fvmg=="
    },
    "node_modules/@types/offscreencanvas": {
      "version": "2019.7.3",
      "resolved": "https://registry.npmjs.org/@types/offscreencanvas/-/offscreencanvas-2019.7.3.tgz",
      "integrity": "sha512-ieXiYmgSRXUDeOntE1InxjWyvEelZGP63M+cGuquuRLuIKKT1osnkXjxev9B7d1nXSug5vpunx+gNlbVxMlC9A=="
    },
    "node_modules/earcut": {
      "version": "2.2.4",
      "resolved": "https://registry.npmjs.org/earcut/-/earcut-2.2.4.tgz",
      "integrity": "sha512-/pjZsA1b4RPHbeWZQn66SWS8nZZWLQQ23oE3Eam7aroEFGEvwKAsJfZ9ytiEMycfzXWpca4FA9QIOehf7PocBQ=="
    },
    "node_modules/gl-matrix": {
      "version": "3.4.3",
      "resolved": "https://registry.npmjs.org/gl-matrix/-/gl-matrix-3.4.3.tgz",
      "integrity": "sha512-wcCp8vu8FT22BnvKVPjXa/ICBWRq/zjFfdofZy1WSpQZpphblv12/bOQLBC1rMM7SGOFS9ltVmKOHil5+Ml7gA=="
    },
    "node_modules/mjolnir.js": {
      "version": "3.0.0",
      "resolved": "https://registry.npmjs.org/mjolnir.js/-/mjolnir.js-3.0.0.tgz",
      "integrity": "sha512-siX3YCG7N2HnmN1xMH3cK4JkUZJhbkhRFJL+G5N1vH0mh1t5088rJknIoqDFWDIU6NPGvRRgLnYW3ZHjSMEBLA=="
    },
    "node_modules/wgsl_reflect": {
      "version": "1.2.0",
      "resolved": "https://registry.npmjs.org/wgsl_reflect/-/wgsl_reflect-1.2.0.tgz",
      "integrity": "sha512-bDYcmWfbg4WsrBmPv6lsyjqXx02r8dkNAzR77OCNqIcR8snO4aNSBTjir9zqgR7rLnw6PaisiZxtCitSCIUlnQ=="
    }
  }
}
